
Microsoft Visual Studio Solution File, Format Version 12.00
# Visual Studio Version 16
VisualStudioVersion = 16.0.30309.148
MinimumVisualStudioVersion = 10.0.40219.1
Project("{FAE04EC0-301F-11D3-BF4B-00C04F79EFBC}") = "2020-08-19_WinForms1", "2020-08-19_WinForms1\WinForms1Start\2020-08-19_WinForms1.csproj", "{31D74FA6-9D08-4FE5-A0AD-76270558BABB}"
Project("{FAE04EC0-301F-11D3-BF4B-00C04F79EFBC}") = "2020-08-20_Fragebogen", "2020-08-20_Fragebogen\2020-08-20_Fragebogen.csproj", "{31D74FA6-9D08-4FE5-A0AD-76270558BABB}"
Project("{FAE04EC0-301F-11D3-BF4B-00C04F79EFBC}") = "2020-08-27_Fehlerbehandlung", "2020-08-27_Fehlerbehandlung\2020-08-27_Fehlerbehandlung.csproj", "{31D74FA6-9D08-4FE5-A0AD-76270558BABB}"
Project("{FAE04EC0-301F-11D3-BF4B-00C04F79EFBC}") = "2020-09-02_Fehlerbehandlung2", "2020-09-02_Fehlerbehandlung2\2020-09-02_Fehlerbehandlung2.csproj", "{31D74FA6-9D08-4FE5-A0AD-76270558BABB}"
Project("{FAE04EC0-301F-11D3-BF4B-00C04F79EFBC}") = "2020-09-10_Schleifen", "2020-09-10_Schleifen\2020-09-10_Schleifen.csproj", "{31D74FA6-9D08-4FE5-A0AD-76270558BABB}"
Project("{FAE04EC0-301F-11D3-BF4B-00C04F79EFBC}") = "2020-09-17_Schleifen", "2020-09-17_Schleifen\2020-09-17_Schleifen.csproj", "{31D74FA6-9D08-4FE5-A0AD-76270558BABB}"
Project("{FAE04EC0-301F-11D3-BF4B-00C04F79EFBC}") = "2020-11-25_IOW-Identify", "2020-11-25_IOW-Identify\2020-11-25_IOW-Identify\2020-11-25_IOW-Identify.csproj", "{31D74FA6-9D08-4FE5-A0AD-76270558BABB}"
Project("{FAE04EC0-301F-11D3-BF4B-00C04F79EFBC}") = "2020-12-17_Methods", "2020-12-17_Methods\2020-12-17_Methods\2020-12-17_Methods.csproj", "{31D74FA6-9D08-4FE5-A0AD-76270558BABB}"
Project("{FAE04EC0-301F-11D3-BF4B-00C04F79EFBC}") = "2021-01-14_Homes", "2021-01-14_Homes\2021-01-14_Homes\2021-01-14_Homes.csproj", "{31D74FA6-9D08-4FE5-A0AD-76270558BABB}"
Project("{FAE04EC0-301F-11D3-BF4B-00C04F79EFBC}") = "2021-01-17_TimeDifference", "2021-01-17_TimeDifference\2021-01-17_TimeDifference\2021-01-17_TimeDifference.csproj", "{31D74FA6-9D08-4FE5-A0AD-76270558BABB}"
Project("{FAE04EC0-301F-11D3-BF4B-00C04F79EFBC}") = "2021-02-02_Timer", "2021-02-02_Timer\2021-02-02_Timer\2021-02-02_Timer.csproj", "{31D74FA6-9D08-4FE5-A0AD-76270558BABB}"
EndProject
Global
	GlobalSection(SolutionConfigurationPlatforms) = preSolution
		Debug|Any CPU = Debug|Any CPU
		Release|Any CPU = Release|Any CPU
	EndGlobalSection
	GlobalSection(ProjectConfigurationPlatforms) = postSolution
		{31D74FA6-9D08-4FE5-A0AD-76270558BABB}.Debug|Any CPU.ActiveCfg = Debug|Any CPU
		{31D74FA6-9D08-4FE5-A0AD-76270558BABB}.Debug|Any CPU.Build.0 = Debug|Any CPU
		{31D74FA6-9D08-4FE5-A0AD-76270558BABB}.Release|Any CPU.ActiveCfg = Release|Any CPU
		{31D74FA6-9D08-4FE5-A0AD-76270558BABB}.Release|Any CPU.Build.0 = Release|Any CPU
	EndGlobalSection
	GlobalSection(SolutionProperties) = preSolution
		HideSolutionNode = FALSE
	EndGlobalSection
	GlobalSection(ExtensibilityGlobals) = postSolution
		SolutionGuid = {37E3C804-2960-4004-9E89-4E5AAB3B2670}
	EndGlobalSection
EndGlobal
