Microsoft Visual Studio Solution File, Format Version 12.00
# Visual Studio Version 16
VisualStudioVersion = 16.0.30309.148
MinimumVisualStudioVersion = 10.0.40219.1
Project("{FAE04EC0-301F-11D3-BF4B-00C04F79EFBC}") = "2020-08-19_WinForms1", "2020-08-19_WinForms1\WinForms1Start\2020-08-19_WinForms1.csproj", "{6B0CDA96-4172-4250-9E43-29ED9AD27CAB}"
EndProject
Project("{FAE04EC0-301F-11D3-BF4B-00C04F79EFBC}") = "2020-08-20_Fragebogen", "2020-08-20_Fragebogen\2020-08-20_Fragebogen.csproj", "{BE66393B-3BD6-46E9-B358-B599DBF2335C}"
EndProject
Project("{FAE04EC0-301F-11D3-BF4B-00C04F79EFBC}") = "2020-08-27_Fehlerbehandlung", "2020-08-27_Fehlerbehandlung\2020-08-27_Fehlerbehandlung.csproj", "{48B01AD6-E451-4045-A49A-017CF41D56FC}"
EndProject
Project("{FAE04EC0-301F-11D3-BF4B-00C04F79EFBC}") = "2020-09-02_Fehlerbehandlung2", "2020-09-02_Fehlerbehandlung2\2020-09-02_Fehlerbehandlung2.csproj", "{91308836-E3F4-474D-94E3-D19DFBE1D993}"
EndProject
Project("{FAE04EC0-301F-11D3-BF4B-00C04F79EFBC}") = "2020-09-10_Schleifen", "2020-09-10_Schleifen\2020-09-10_Schleifen.csproj", "{51D22D31-8191-49CA-9DDC-54309A44AC2F}"
EndProject
Project("{FAE04EC0-301F-11D3-BF4B-00C04F79EFBC}") = "2020-09-17_Schleifen", "2020-09-17_Schleifen\2020-09-17_Schleifen.csproj", "{6195CC55-FE75-45D4-B136-1B5B60CFFAC0}"
EndProject
Project("{FAE04EC0-301F-11D3-BF4B-00C04F79EFBC}") = "2020-11-25_IOW-Identify", "2020-11-25_IOW-Identify\2020-11-25_IOW-Identify\2020-11-25_IOW-Identify.csproj", "{1A3C3D8B-3BFD-46D6-8DF5-458EF2E327C8}"
EndProject
Project("{FAE04EC0-301F-11D3-BF4B-00C04F79EFBC}") = "2020-12-17_Methods", "2020-12-17_Methods\2020-12-17_Methods\2020-12-17_Methods.csproj", "{F23E9652-E4A7-4DF9-85E1-FDFA603F2ED4}"
EndProject
Project("{FAE04EC0-301F-11D3-BF4B-00C04F79EFBC}") = "2021-01-14_Homes", "2021-01-14_Homes\2021-01-14_Homes\2021-01-14_Homes.csproj", "{26A5DB1C-B6E8-4205-8BB8-0920040D2FDC}"
EndProject
Project("{FAE04EC0-301F-11D3-BF4B-00C04F79EFBC}") = "2021-01-17_TimeDifference", "2021-01-17_TimeDifference\2021-01-17_TimeDifference\2021-01-17_TimeDifference.csproj", "{7BD31F08-D760-43F6-86D8-225A7DC9F5B5}"
EndProject
Project("{FAE04EC0-301F-11D3-BF4B-00C04F79EFBC}") = "2021-02-02_Timer", "2021-02-02_Timer\2021-02-02_Timer\2021-02-02_Timer.csproj", "{31D74FA6-9D08-4FE5-A0AD-76270558BABB}"
EndProject
Project("{FAE04EC0-301F-11D3-BF4B-00C04F79EFBC}") = "2021-02-08_IOW-Input", "2021-02-08_IOW-Input\2021-02-08_IOW-Input\2021-02-08_IOW-Input.csproj", "{138938E5-8810-412A-8FC8-60C348FC7F40}"
EndProject
Project("{FAE04EC0-301F-11D3-BF4B-00C04F79EFBC}") = "2021-02-12_IOW-Output", "2021-02-12_IOW-Output\2021-02-12_IOW-Output\2021-02-12_IOW-Output.csproj", "{BC0815B8-AC19-45DC-B78E-47F16C7994F0}"
EndProject
Global
	GlobalSection(SolutionConfigurationPlatforms) = preSolution
		Debug|Any CPU = Debug|Any CPU
		Release|Any CPU = Release|Any CPU
	EndGlobalSection
	GlobalSection(ProjectConfigurationPlatforms) = postSolution
		{6B0CDA96-4172-4250-9E43-29ED9AD27CAB}.Debug|Any CPU.ActiveCfg = Debug|Any CPU
		{6B0CDA96-4172-4250-9E43-29ED9AD27CAB}.Debug|Any CPU.Build.0 = Debug|Any CPU
		{6B0CDA96-4172-4250-9E43-29ED9AD27CAB}.Release|Any CPU.ActiveCfg = Release|Any CPU
		{6B0CDA96-4172-4250-9E43-29ED9AD27CAB}.Release|Any CPU.Build.0 = Release|Any CPU
		{BE66393B-3BD6-46E9-B358-B599DBF2335C}.Debug|Any CPU.ActiveCfg = Debug|Any CPU
		{BE66393B-3BD6-46E9-B358-B599DBF2335C}.Debug|Any CPU.Build.0 = Debug|Any CPU
		{BE66393B-3BD6-46E9-B358-B599DBF2335C}.Release|Any CPU.ActiveCfg = Release|Any CPU
		{BE66393B-3BD6-46E9-B358-B599DBF2335C}.Release|Any CPU.Build.0 = Release|Any CPU
		{48B01AD6-E451-4045-A49A-017CF41D56FC}.Debug|Any CPU.ActiveCfg = Debug|Any CPU
		{48B01AD6-E451-4045-A49A-017CF41D56FC}.Debug|Any CPU.Build.0 = Debug|Any CPU
		{48B01AD6-E451-4045-A49A-017CF41D56FC}.Release|Any CPU.ActiveCfg = Release|Any CPU
		{48B01AD6-E451-4045-A49A-017CF41D56FC}.Release|Any CPU.Build.0 = Release|Any CPU
		{91308836-E3F4-474D-94E3-D19DFBE1D993}.Debug|Any CPU.ActiveCfg = Debug|Any CPU
		{91308836-E3F4-474D-94E3-D19DFBE1D993}.Debug|Any CPU.Build.0 = Debug|Any CPU
		{91308836-E3F4-474D-94E3-D19DFBE1D993}.Release|Any CPU.ActiveCfg = Release|Any CPU
		{91308836-E3F4-474D-94E3-D19DFBE1D993}.Release|Any CPU.Build.0 = Release|Any CPU
		{51D22D31-8191-49CA-9DDC-54309A44AC2F}.Debug|Any CPU.ActiveCfg = Debug|Any CPU
		{51D22D31-8191-49CA-9DDC-54309A44AC2F}.Debug|Any CPU.Build.0 = Debug|Any CPU
		{51D22D31-8191-49CA-9DDC-54309A44AC2F}.Release|Any CPU.ActiveCfg = Release|Any CPU
		{51D22D31-8191-49CA-9DDC-54309A44AC2F}.Release|Any CPU.Build.0 = Release|Any CPU
		{6195CC55-FE75-45D4-B136-1B5B60CFFAC0}.Debug|Any CPU.ActiveCfg = Debug|Any CPU
		{6195CC55-FE75-45D4-B136-1B5B60CFFAC0}.Debug|Any CPU.Build.0 = Debug|Any CPU
		{6195CC55-FE75-45D4-B136-1B5B60CFFAC0}.Release|Any CPU.ActiveCfg = Release|Any CPU
		{6195CC55-FE75-45D4-B136-1B5B60CFFAC0}.Release|Any CPU.Build.0 = Release|Any CPU
		{1A3C3D8B-3BFD-46D6-8DF5-458EF2E327C8}.Debug|Any CPU.ActiveCfg = Debug|Any CPU
		{1A3C3D8B-3BFD-46D6-8DF5-458EF2E327C8}.Debug|Any CPU.Build.0 = Debug|Any CPU
		{1A3C3D8B-3BFD-46D6-8DF5-458EF2E327C8}.Release|Any CPU.ActiveCfg = Release|Any CPU
		{1A3C3D8B-3BFD-46D6-8DF5-458EF2E327C8}.Release|Any CPU.Build.0 = Release|Any CPU
		{F23E9652-E4A7-4DF9-85E1-FDFA603F2ED4}.Debug|Any CPU.ActiveCfg = Debug|Any CPU
		{F23E9652-E4A7-4DF9-85E1-FDFA603F2ED4}.Debug|Any CPU.Build.0 = Debug|Any CPU
		{F23E9652-E4A7-4DF9-85E1-FDFA603F2ED4}.Release|Any CPU.ActiveCfg = Release|Any CPU
		{F23E9652-E4A7-4DF9-85E1-FDFA603F2ED4}.Release|Any CPU.Build.0 = Release|Any CPU
		{26A5DB1C-B6E8-4205-8BB8-0920040D2FDC}.Debug|Any CPU.ActiveCfg = Debug|Any CPU
		{26A5DB1C-B6E8-4205-8BB8-0920040D2FDC}.Debug|Any CPU.Build.0 = Debug|Any CPU
		{26A5DB1C-B6E8-4205-8BB8-0920040D2FDC}.Release|Any CPU.ActiveCfg = Release|Any CPU
		{26A5DB1C-B6E8-4205-8BB8-0920040D2FDC}.Release|Any CPU.Build.0 = Release|Any CPU
		{7BD31F08-D760-43F6-86D8-225A7DC9F5B5}.Debug|Any CPU.ActiveCfg = Debug|Any CPU
		{7BD31F08-D760-43F6-86D8-225A7DC9F5B5}.Debug|Any CPU.Build.0 = Debug|Any CPU
		{7BD31F08-D760-43F6-86D8-225A7DC9F5B5}.Release|Any CPU.ActiveCfg = Release|Any CPU
		{7BD31F08-D760-43F6-86D8-225A7DC9F5B5}.Release|Any CPU.Build.0 = Release|Any CPU
		{31D74FA6-9D08-4FE5-A0AD-76270558BABB}.Debug|Any CPU.ActiveCfg = Debug|Any CPU
		{31D74FA6-9D08-4FE5-A0AD-76270558BABB}.Debug|Any CPU.Build.0 = Debug|Any CPU
		{31D74FA6-9D08-4FE5-A0AD-76270558BABB}.Release|Any CPU.ActiveCfg = Release|Any CPU
		{31D74FA6-9D08-4FE5-A0AD-76270558BABB}.Release|Any CPU.Build.0 = Release|Any CPU
		{138938E5-8810-412A-8FC8-60C348FC7F40}.Debug|Any CPU.ActiveCfg = Debug|Any CPU
		{138938E5-8810-412A-8FC8-60C348FC7F40}.Debug|Any CPU.Build.0 = Debug|Any CPU
		{138938E5-8810-412A-8FC8-60C348FC7F40}.Release|Any CPU.ActiveCfg = Release|Any CPU
		{138938E5-8810-412A-8FC8-60C348FC7F40}.Release|Any CPU.Build.0 = Release|Any CPU
		{BC0815B8-AC19-45DC-B78E-47F16C7994F0}.Debug|Any CPU.ActiveCfg = Debug|Any CPU
		{BC0815B8-AC19-45DC-B78E-47F16C7994F0}.Debug|Any CPU.Build.0 = Debug|Any CPU
		{BC0815B8-AC19-45DC-B78E-47F16C7994F0}.Release|Any CPU.ActiveCfg = Release|Any CPU
		{BC0815B8-AC19-45DC-B78E-47F16C7994F0}.Release|Any CPU.Build.0 = Release|Any CPU
	EndGlobalSection
	GlobalSection(SolutionProperties) = preSolution
		HideSolutionNode = FALSE
	EndGlobalSection
	GlobalSection(ExtensibilityGlobals) = postSolution
		SolutionGuid = {37E3C804-2960-4004-9E89-4E5AAB3B2670}
	EndGlobalSection
EndGlobal
