
Microsoft Visual Studio Solution File, Format Version 12.00
# Visual Studio Version 16
VisualStudioVersion = 16.0.30309.148
MinimumVisualStudioVersion = 10.0.40219.1
Project("{FAE04EC0-301F-11D3-BF4B-00C04F79EFBC}") = "2021-02-19_IOW-Output2", "2021-02-19_IOW-Output2\2021-02-19_IOW-Output2.csproj", "{F3135B18-19AE-4A96-AEB0-2EC4124BA9F7}"
EndProject
Global
	GlobalSection(SolutionConfigurationPlatforms) = preSolution
		Debug|Any CPU = Debug|Any CPU
		Release|Any CPU = Release|Any CPU
	EndGlobalSection
	GlobalSection(ProjectConfigurationPlatforms) = postSolution
		{F3135B18-19AE-4A96-AEB0-2EC4124BA9F7}.Debug|Any CPU.ActiveCfg = Debug|Any CPU
		{F3135B18-19AE-4A96-AEB0-2EC4124BA9F7}.Debug|Any CPU.Build.0 = Debug|Any CPU
		{F3135B18-19AE-4A96-AEB0-2EC4124BA9F7}.Release|Any CPU.ActiveCfg = Release|Any CPU
		{F3135B18-19AE-4A96-AEB0-2EC4124BA9F7}.Release|Any CPU.Build.0 = Release|Any CPU
	EndGlobalSection
	GlobalSection(SolutionProperties) = preSolution
		HideSolutionNode = FALSE
	EndGlobalSection
	GlobalSection(ExtensibilityGlobals) = postSolution
		SolutionGuid = {D9D4F45F-B3B6-4DE1-9AE8-8E276012B415}
	EndGlobalSection
EndGlobal
