
Microsoft Visual Studio Solution File, Format Version 12.00
# Visual Studio Version 16
VisualStudioVersion = 16.0.29215.179
MinimumVisualStudioVersion = 10.0.40219.1
Project("{FAE04EC0-301F-11D3-BF4B-00C04F79EFBC}") = "2020-08-20_Fragebogen", "2020-08-20_Fragebogen.csproj", "{BE66393B-3BD6-46E9-B358-B599DBF2335C}"
EndProject
Global
	GlobalSection(SolutionConfigurationPlatforms) = preSolution
		Debug|Any CPU = Debug|Any CPU
		Release|Any CPU = Release|Any CPU
	EndGlobalSection
	GlobalSection(ProjectConfigurationPlatforms) = postSolution
		{BE66393B-3BD6-46E9-B358-B599DBF2335C}.Debug|Any CPU.ActiveCfg = Debug|Any CPU
		{BE66393B-3BD6-46E9-B358-B599DBF2335C}.Debug|Any CPU.Build.0 = Debug|Any CPU
		{BE66393B-3BD6-46E9-B358-B599DBF2335C}.Release|Any CPU.ActiveCfg = Release|Any CPU
		{BE66393B-3BD6-46E9-B358-B599DBF2335C}.Release|Any CPU.Build.0 = Release|Any CPU
	EndGlobalSection
	GlobalSection(SolutionProperties) = preSolution
		HideSolutionNode = FALSE
	EndGlobalSection
	GlobalSection(ExtensibilityGlobals) = postSolution
		SolutionGuid = {41D689F0-11B4-48EE-B915-34462F0734DE}
	EndGlobalSection
EndGlobal
