
Microsoft Visual Studio Solution File, Format Version 12.00
# Visual Studio Version 16
VisualStudioVersion = 16.0.30309.148
MinimumVisualStudioVersion = 10.0.40219.1
Project("{FAE04EC0-301F-11D3-BF4B-00C04F79EFBC}") = "2020-01-17_TimeDifference", "2020-01-17_TimeDifference\2020-01-17_TimeDifference.csproj", "{7BD31F08-D760-43F6-86D8-225A7DC9F5B5}"
EndProject
Global
	GlobalSection(SolutionConfigurationPlatforms) = preSolution
		Debug|Any CPU = Debug|Any CPU
		Release|Any CPU = Release|Any CPU
	EndGlobalSection
	GlobalSection(ProjectConfigurationPlatforms) = postSolution
		{7BD31F08-D760-43F6-86D8-225A7DC9F5B5}.Debug|Any CPU.ActiveCfg = Debug|Any CPU
		{7BD31F08-D760-43F6-86D8-225A7DC9F5B5}.Debug|Any CPU.Build.0 = Debug|Any CPU
		{7BD31F08-D760-43F6-86D8-225A7DC9F5B5}.Release|Any CPU.ActiveCfg = Release|Any CPU
		{7BD31F08-D760-43F6-86D8-225A7DC9F5B5}.Release|Any CPU.Build.0 = Release|Any CPU
	EndGlobalSection
	GlobalSection(SolutionProperties) = preSolution
		HideSolutionNode = FALSE
	EndGlobalSection
	GlobalSection(ExtensibilityGlobals) = postSolution
		SolutionGuid = {1945B273-AE3E-427A-BE68-D1D223F804CE}
	EndGlobalSection
EndGlobal
