
Microsoft Visual Studio Solution File, Format Version 12.00
# Visual Studio Version 16
VisualStudioVersion = 16.0.29215.179
MinimumVisualStudioVersion = 10.0.40219.1
Project("{FAE04EC0-301F-11D3-BF4B-00C04F79EFBC}") = "2020-08-27_Fehlerbehandlung", "2020-08-27_Fehlerbehandlung.csproj", "{48B01AD6-E451-4045-A49A-017CF41D56FC}"
EndProject
Global
	GlobalSection(SolutionConfigurationPlatforms) = preSolution
		Debug|Any CPU = Debug|Any CPU
		Release|Any CPU = Release|Any CPU
	EndGlobalSection
	GlobalSection(ProjectConfigurationPlatforms) = postSolution
		{48B01AD6-E451-4045-A49A-017CF41D56FC}.Debug|Any CPU.ActiveCfg = Debug|Any CPU
		{48B01AD6-E451-4045-A49A-017CF41D56FC}.Debug|Any CPU.Build.0 = Debug|Any CPU
		{48B01AD6-E451-4045-A49A-017CF41D56FC}.Release|Any CPU.ActiveCfg = Release|Any CPU
		{48B01AD6-E451-4045-A49A-017CF41D56FC}.Release|Any CPU.Build.0 = Release|Any CPU
	EndGlobalSection
	GlobalSection(SolutionProperties) = preSolution
		HideSolutionNode = FALSE
	EndGlobalSection
	GlobalSection(ExtensibilityGlobals) = postSolution
		SolutionGuid = {2F0677BA-4C43-415A-996D-54F016847FB1}
	EndGlobalSection
EndGlobal
