
Microsoft Visual Studio Solution File, Format Version 12.00
# Visual Studio Version 16
VisualStudioVersion = 16.0.30309.148
MinimumVisualStudioVersion = 10.0.40219.1
Project("{FAE04EC0-301F-11D3-BF4B-00C04F79EFBC}") = "2021-01-14_Homes", "2021-01-14_Homes\2021-01-14_Homes.csproj", "{26A5DB1C-B6E8-4205-8BB8-0920040D2FDC}"
EndProject
Global
	GlobalSection(SolutionConfigurationPlatforms) = preSolution
		Debug|Any CPU = Debug|Any CPU
		Release|Any CPU = Release|Any CPU
	EndGlobalSection
	GlobalSection(ProjectConfigurationPlatforms) = postSolution
		{26A5DB1C-B6E8-4205-8BB8-0920040D2FDC}.Debug|Any CPU.ActiveCfg = Debug|Any CPU
		{26A5DB1C-B6E8-4205-8BB8-0920040D2FDC}.Debug|Any CPU.Build.0 = Debug|Any CPU
		{26A5DB1C-B6E8-4205-8BB8-0920040D2FDC}.Release|Any CPU.ActiveCfg = Release|Any CPU
		{26A5DB1C-B6E8-4205-8BB8-0920040D2FDC}.Release|Any CPU.Build.0 = Release|Any CPU
	EndGlobalSection
	GlobalSection(SolutionProperties) = preSolution
		HideSolutionNode = FALSE
	EndGlobalSection
	GlobalSection(ExtensibilityGlobals) = postSolution
		SolutionGuid = {2BED60D5-7512-4788-A6C7-13866375E30C}
	EndGlobalSection
EndGlobal
