
Microsoft Visual Studio Solution File, Format Version 12.00
# Visual Studio Version 16
VisualStudioVersion = 16.0.30309.148
MinimumVisualStudioVersion = 10.0.40219.1
Project("{FAE04EC0-301F-11D3-BF4B-00C04F79EFBC}") = "2021-02-08_IOW-Input", "2021-02-08_IOW-Input\2021-02-08_IOW-Input.csproj", "{138938E5-8810-412A-8FC8-60C348FC7F40}"
EndProject
Global
	GlobalSection(SolutionConfigurationPlatforms) = preSolution
		Debug|Any CPU = Debug|Any CPU
		Release|Any CPU = Release|Any CPU
	EndGlobalSection
	GlobalSection(ProjectConfigurationPlatforms) = postSolution
		{138938E5-8810-412A-8FC8-60C348FC7F40}.Debug|Any CPU.ActiveCfg = Debug|Any CPU
		{138938E5-8810-412A-8FC8-60C348FC7F40}.Debug|Any CPU.Build.0 = Debug|Any CPU
		{138938E5-8810-412A-8FC8-60C348FC7F40}.Release|Any CPU.ActiveCfg = Release|Any CPU
		{138938E5-8810-412A-8FC8-60C348FC7F40}.Release|Any CPU.Build.0 = Release|Any CPU
	EndGlobalSection
	GlobalSection(SolutionProperties) = preSolution
		HideSolutionNode = FALSE
	EndGlobalSection
	GlobalSection(ExtensibilityGlobals) = postSolution
		SolutionGuid = {698C370E-2580-479D-9C2C-E02A373565ED}
	EndGlobalSection
EndGlobal
